{
  "name": "Bootstrap5ToastExample",
  "lockfileVersion": 2,
  "requires": true,
  "packages": {
    "": {
      "dependencies": {
        "bs5-utils": "^1.0.3"
      }
    },
    "node_modules/@popperjs/core": {
      "version": "2.11.7",
      "resolved": "https://registry.npmjs.org/@popperjs/core/-/core-2.11.7.tgz",
      "integrity": "sha512-Cr4OjIkipTtcXKjAsm8agyleBuDHvxzeBoa1v543lbv1YaIwQjESsVcmjiWiPEbC1FIeHOG/Op9kdCmAmiS3Kw==",
      "peer": true,
      "funding": {
        "type": "opencollective",
        "url": "https://opencollective.com/popperjs"
      }
    },
    "node_modules/bootstrap": {
      "version": "5.2.3",
      "resolved": "https://registry.npmjs.org/bootstrap/-/bootstrap-5.2.3.tgz",
      "integrity": "sha512-cEKPM+fwb3cT8NzQZYEu4HilJ3anCrWqh3CHAok1p9jXqMPsPTBhU25fBckEJHJ/p+tTxTFTsFQGM+gaHpi3QQ==",
      "funding": [
        {
          "type": "github",
          "url": "https://github.com/sponsors/twbs"
        },
        {
          "type": "opencollective",
          "url": "https://opencollective.com/bootstrap"
        }
      ],
      "peerDependencies": {
        "@popperjs/core": "^2.11.6"
      }
    },
    "node_modules/bs5-utils": {
      "version": "1.0.3",
      "resolved": "https://registry.npmjs.org/bs5-utils/-/bs5-utils-1.0.3.tgz",
      "integrity": "sha512-S/iUH2vAD7jL4X9xTaoxQhbrQbLFbuO/HPX4A1QkmSjR+2h1b1XPGSUiPu5Y2YSLFJBfZP1gY8XiykXhPBE0VQ==",
      "dependencies": {
        "bootstrap": ">=5.0"
      }
    }
  },
  "dependencies": {
    "@popperjs/core": {
      "version": "2.11.7",
      "resolved": "https://registry.npmjs.org/@popperjs/core/-/core-2.11.7.tgz",
      "integrity": "sha512-Cr4OjIkipTtcXKjAsm8agyleBuDHvxzeBoa1v543lbv1YaIwQjESsVcmjiWiPEbC1FIeHOG/Op9kdCmAmiS3Kw==",
      "peer": true
    },
    "bootstrap": {
      "version": "5.2.3",
      "resolved": "https://registry.npmjs.org/bootstrap/-/bootstrap-5.2.3.tgz",
      "integrity": "sha512-cEKPM+fwb3cT8NzQZYEu4HilJ3anCrWqh3CHAok1p9jXqMPsPTBhU25fBckEJHJ/p+tTxTFTsFQGM+gaHpi3QQ==",
      "requires": {}
    },
    "bs5-utils": {
      "version": "1.0.3",
      "resolved": "https://registry.npmjs.org/bs5-utils/-/bs5-utils-1.0.3.tgz",
      "integrity": "sha512-S/iUH2vAD7jL4X9xTaoxQhbrQbLFbuO/HPX4A1QkmSjR+2h1b1XPGSUiPu5Y2YSLFJBfZP1gY8XiykXhPBE0VQ==",
      "requires": {
        "bootstrap": ">=5.0"
      }
    }
  }
}
